
Microsoft Visual Studio Solution File, Format Version 12.00
# Visual Studio Version 16
VisualStudioVersion = 16.0.30114.105
MinimumVisualStudioVersion = 10.0.40219.1
Project("{2150E333-8FDC-42A3-9474-1A3956D46DE8}") = "src", "src", "{DD6D2943-8628-405C-B13D-ED46CF33D09F}"
EndProject
Project("{FAE04EC0-301F-11D3-BF4B-00C04F79EFBC}") = "UserAssignment", "src\UserAssignment\UserAssignment.csproj", "{67B31692-1DF9-440D-97A3-9337BC231760}"
EndProject
Global
	GlobalSection(SolutionConfigurationPlatforms) = preSolution
		Debug|Any CPU = Debug|Any CPU
		Release|Any CPU = Release|Any CPU
	EndGlobalSection
	GlobalSection(SolutionProperties) = preSolution
		HideSolutionNode = FALSE
	EndGlobalSection
	GlobalSection(ProjectConfigurationPlatforms) = postSolution
		{67B31692-1DF9-440D-97A3-9337BC231760}.Debug|Any CPU.ActiveCfg = Debug|Any CPU
		{67B31692-1DF9-440D-97A3-9337BC231760}.Debug|Any CPU.Build.0 = Debug|Any CPU
		{67B31692-1DF9-440D-97A3-9337BC231760}.Release|Any CPU.ActiveCfg = Release|Any CPU
		{67B31692-1DF9-440D-97A3-9337BC231760}.Release|Any CPU.Build.0 = Release|Any CPU
	EndGlobalSection
	GlobalSection(NestedProjects) = preSolution
		{67B31692-1DF9-440D-97A3-9337BC231760} = {DD6D2943-8628-405C-B13D-ED46CF33D09F}
	EndGlobalSection
EndGlobal
